// !$*UTF8*$!
{
	archiveVersion = 1;
	classes = {
	};
	objectVersion = 46;
	objects = {

/* Begin PBXBuildFile section */
		60F739BF1E13BADC00732B7A /* AppDelegate.swift in Sources */ = {isa = PBXBuildFile; fileRef = 60F739BE1E13BADC00732B7A /* AppDelegate.swift */; };
		60F739C11E13BADC00732B7A /* ViewController.swift in Sources */ = {isa = PBXBuildFile; fileRef = 60F739C01E13BADC00732B7A /* ViewController.swift */; };
		60F739C41E13BADC00732B7A /* Main.storyboard in Resources */ = {isa = PBXBuildFile; fileRef = 60F739C21E13BADC00732B7A /* Main.storyboard */; };
		60F739C61E13BADC00732B7A /* Assets.xcassets in Resources */ = {isa = PBXBuildFile; fileRef = 60F739C51E13BADC00732B7A /* Assets.xcassets */; };
		60F739C91E13BADC00732B7A /* LaunchScreen.storyboard in Resources */ = {isa = PBXBuildFile; fileRef = 60F739C71E13BADC00732B7A /* LaunchScreen.storyboard */; };
/* End PBXBuildFile section */

/* Begin PBXFileReference section */
		60F739BB1E13BADC00732B7A /* SoundEffect.app */ = {isa = PBXFileReference; explicitFileType = wrapper.application; includeInIndex = 0; path = SoundEffect.app; sourceTree = BUILT_PRODUCTS_DIR; };
		60F739BE1E13BADC00732B7A /* AppDelegate.swift */ = {isa = PBXFileReference; lastKnownFileType = sourcecode.swift; path = AppDelegate.swift; sourceTree = "<group>"; };
		60F739C01E13BADC00732B7A /* ViewController.swift */ = {isa = PBXFileReference; lastKnownFileType = sourcecode.swift; path = ViewController.swift; sourceTree = "<group>"; };
		60F739C31E13BADC00732B7A /* Base */ = {isa = PBXFileReference; lastKnownFileType = file.storyboard; name = Base; path = Base.lproj/Main.storyboard; sourceTree = "<group>"; };
		60F739C51E13BADC00732B7A /* Assets.xcassets */ = {isa = PBXFileReference; lastKnownFileType = folder.assetcatalog; path = Assets.xcassets; sourceTree = "<group>"; };
		60F739C81E13BADC00732B7A /* Base */ = {isa = PBXFileReference; lastKnownFileType = file.storyboard; name = Base; path = Base.lproj/LaunchScreen.storyboard; sourceTree = "<group>"; };
		60F739CA1E13BADC00732B7A /* Info.plist */ = {isa = PBXFileReference; lastKnownFileType = text.plist.xml; path = Info.plist; sourceTree = "<group>"; };
/* End PBXFileReference section */

/* Begin PBXFrameworksBuildPhase section */
		60F739B81E13BADC00732B7A /* Frameworks */ = {
			isa = PBXFrameworksBuildPhase;
			buildActionMask = 2147483647;
			files = (
			);
			runOnlyForDeploymentPostprocessing = 0;
		};
/* End PBXFrameworksBuildPhase section */

/* Begin PBXGroup section */
		60F739B21E13BADC00732B7A = {
			isa = PBXGroup;
			children = (
				60F739BD1E13BADC00732B7A /* SoundEffect */,
				60F739BC1E13BADC00732B7A /* Products */,
			);
			sourceTree = "<group>";
		};
		60F739BC1E13BADC00732B7A /* Products */ = {
			isa = PBXGroup;
			children = (
				60F739BB1E13BADC00732B7A /* SoundEffect.app */,
			);
			name = Products;
			sourceTree = "<group>";
		};
		60F739BD1E13BADC00732B7A /* SoundEffect */ = {
			isa = PBXGroup;
			children = (
				60F739BE1E13BADC00732B7A /* AppDelegate.swift */,
				60F739C01E13BADC00732B7A /* ViewController.swift */,
				60F739C21E13BADC00732B7A /* Main.storyboard */,
				60F739C51E13BADC00732B7A /* Assets.xcassets */,
				60F739C71E13BADC00732B7A /* LaunchScreen.storyboard */,
				60F739CA1E13BADC00732B7A /* Info.plist */,
			);
			path = SoundEffect;
			sourceTree = "<group>";
		};
/* End PBXGroup section */

/* Begin PBXNativeTarget section */
		60F739BA1E13BADC00732B7A /* SoundEffect */ = {
			isa = PBXNativeTarget;
			buildConfigurationList = 60F739CD1E13BADC00732B7A /* Build configuration list for PBXNativeTarget "SoundEffect" */;
			buildPhases = (
				60F739B71E13BADC00732B7A /* Sources */,
				60F739B81E13BADC00732B7A /* Frameworks */,
				60F739B91E13BADC00732B7A /* Resources */,
			);
			buildRules = (
			);
			dependencies = (
			);
			name = SoundEffect;
			productName = SoundEffect;
			productReference = 60F739BB1E13BADC00732B7A /* SoundEffect.app */;
			productType = "com.apple.product-type.application";
		};
/* End PBXNativeTarget section */

/* Begin PBXProject section */
		60F739B31E13BADC00732B7A /* Project object */ = {
			isa = PBXProject;
			attributes = {
				LastSwiftUpdateCheck = 0820;
				LastUpgradeCheck = 0820;
				ORGANIZATIONNAME = "Jelle De Vleeschouwer";
				TargetAttributes = {
					60F739BA1E13BADC00732B7A = {
						CreatedOnToolsVersion = 8.2.1;
						ProvisioningStyle = Automatic;
					};
				};
			};
			buildConfigurationList = 60F739B61E13BADC00732B7A /* Build configuration list for PBXProject "SoundEffect" */;
			compatibilityVersion = "Xcode 3.2";
			developmentRegion = English;
			hasScannedForEncodings = 0;
			knownRegions = (
				en,
				Base,
			);
			mainGroup = 60F739B21E13BADC00732B7A;
			productRefGroup = 60F739BC1E13BADC00732B7A /* Products */;
			projectDirPath = "";
			projectRoot = "";
			targets = (
				60F739BA1E13BADC00732B7A /* SoundEffect */,
			);
		};
/* End PBXProject section */

/* Begin PBXResourcesBuildPhase section */
		60F739B91E13BADC00732B7A /* Resources */ = {
			isa = PBXResourcesBuildPhase;
			buildActionMask = 2147483647;
			files = (
				60F739C91E13BADC00732B7A /* LaunchScreen.storyboard in Resources */,
				60F739C61E13BADC00732B7A /* Assets.xcassets in Resources */,
				60F739C41E13BADC00732B7A /* Main.storyboard in Resources */,
			);
			runOnlyForDeploymentPostprocessing = 0;
		};
/* End PBXResourcesBuildPhase section */

/* Begin PBXSourcesBuildPhase section */
		60F739B71E13BADC00732B7A /* Sources */ = {
			isa = PBXSourcesBuildPhase;
			buildActionMask = 2147483647;
			files = (
				60F739C11E13BADC00732B7A /* ViewController.swift in Sources */,
				60F739BF1E13BADC00732B7A /* AppDelegate.swift in Sources */,
			);
			runOnlyForDeploymentPostprocessing = 0;
		};
/* End PBXSourcesBuildPhase section */

/* Begin PBXVariantGroup section */
		60F739C21E13BADC00732B7A /* Main.storyboard */ = {
			isa = PBXVariantGroup;
			children = (
				60F739C31E13BADC00732B7A /* Base */,
			);
			name = Main.storyboard;
			sourceTree = "<group>";
		};
		60F739C71E13BADC00732B7A /* LaunchScreen.storyboard */ = {
			isa = PBXVariantGroup;
			children = (
				60F739C81E13BADC00732B7A /* Base */,
			);
			name = LaunchScreen.storyboard;
			sourceTree = "<group>";
		};
/* End PBXVariantGroup section */

/* Begin XCBuildConfiguration section */
		60F739CB1E13BADC00732B7A /* Debug */ = {
			isa = XCBuildConfiguration;
			buildSettings = {
				ALWAYS_SEARCH_USER_PATHS = NO;
				CLANG_ANALYZER_NONNULL = YES;
				CLANG_CXX_LANGUAGE_STANDARD = "gnu++0x";
				CLANG_CXX_LIBRARY = "libc++";
				CLANG_ENABLE_MODULES = YES;
				CLANG_ENABLE_OBJC_ARC = YES;
				CLANG_WARN_BOOL_CONVERSION = YES;
				CLANG_WARN_CONSTANT_CONVERSION = YES;
				CLANG_WARN_DIRECT_OBJC_ISA_USAGE = YES_ERROR;
				CLANG_WARN_DOCUMENTATION_COMMENTS = YES;
				CLANG_WARN_EMPTY_BODY = YES;
				CLANG_WARN_ENUM_CONVERSION = YES;
				CLANG_WARN_INFINITE_RECURSION = YES;
				CLANG_WARN_INT_CONVERSION = YES;
				CLANG_WARN_OBJC_ROOT_CLASS = YES_ERROR;
				CLANG_WARN_SUSPICIOUS_MOVE = YES;
				CLANG_WARN_UNREACHABLE_CODE = YES;
				CLANG_WARN__DUPLICATE_METHOD_MATCH = YES;
				"CODE_SIGN_IDENTITY[sdk=iphoneos*]" = "iPhone Developer";
				COPY_PHASE_STRIP = NO;
				DEBUG_INFORMATION_FORMAT = dwarf;
				ENABLE_STRICT_OBJC_MSGSEND = YES;
				ENABLE_TESTABILITY = YES;
				GCC_C_LANGUAGE_STANDARD = gnu99;
				GCC_DYNAMIC_NO_PIC = NO;
				GCC_NO_COMMON_BLOCKS = YES;
				GCC_OPTIMIZATION_LEVEL = 0;
				GCC_PREPROCESSOR_DEFINITIONS = (
					"DEBUG=1",
					"$(inherited)",
				);
				GCC_WARN_64_TO_32_BIT_CONVERSION = YES;
				GCC_WARN_ABOUT_RETURN_TYPE = YES_ERROR;
				GCC_WARN_UNDECLARED_SELECTOR = YES;
				GCC_WARN_UNINITIALIZED_AUTOS = YES_AGGRESSIVE;
				GCC_WARN_UNUSED_FUNCTION = YES;
				GCC_WARN_UNUSED_VARIABLE = YES;
				IPHONEOS_DEPLOYMENT_TARGET = 10.2;
				MTL_ENABLE_DEBUG_INFO = YES;
				ONLY_ACTIVE_ARCH = YES;
				SDKROOT = iphoneos;
				SWIFT_ACTIVE_COMPILATION_CONDITIONS = DEBUG;
				SWIFT_OPTIMIZATION_LEVEL = "-Onone";
			};
			name = Debug;
		};
		60F739CC1E13BADC00732B7A /* Release */ = {
			isa = XCBuildConfiguration;
			buildSettings = {
				ALWAYS_SEARCH_USER_PATHS = NO;
				CLANG_ANALYZER_NONNULL = YES;
				CLANG_CXX_LANGUAGE_STANDARD = "gnu++0x";
				CLANG_CXX_LIBRARY = "libc++";
				CLANG_ENABLE_MODULES = YES;
				CLANG_ENABLE_OBJC_ARC = YES;
				CLANG_WARN_BOOL_CONVERSION = YES;
				CLANG_WARN_CONSTANT_CONVERSION = YES;
				CLANG_WARN_DIRECT_OBJC_ISA_USAGE = YES_ERROR;
				CLANG_WARN_DOCUMENTATION_COMMENTS = YES;
				CLANG_WARN_EMPTY_BODY = YES;
				CLANG_WARN_ENUM_CONVERSION = YES;
				CLANG_WARN_INFINITE_RECURSION = YES;
				CLANG_WARN_INT_CONVERSION = YES;
				CLANG_WARN_OBJC_ROOT_CLASS = YES_ERROR;
				CLANG_WARN_SUSPICIOUS_MOVE = YES;
				CLANG_WARN_UNREACHABLE_CODE = YES;
				CLANG_WARN__DUPLICATE_METHOD_MATCH = YES;
				"CODE_SIGN_IDENTITY[sdk=iphoneos*]" = "iPhone Developer";
				COPY_PHASE_STRIP = NO;
				DEBUG_INFORMATION_FORMAT = "dwarf-with-dsym";
				ENABLE_NS_ASSERTIONS = NO;
				ENABLE_STRICT_OBJC_MSGSEND = YES;
				GCC_C_LANGUAGE_STANDARD = gnu99;
				GCC_NO_COMMON_BLOCKS = YES;
				GCC_WARN_64_TO_32_BIT_CONVERSION = YES;
				GCC_WARN_ABOUT_RETURN_TYPE = YES_ERROR;
				GCC_WARN_UNDECLARED_SELECTOR = YES;
				GCC_WARN_UNINITIALIZED_AUTOS = YES_AGGRESSIVE;
				GCC_WARN_UNUSED_FUNCTION = YES;
				GCC_WARN_UNUSED_VARIABLE = YES;
				IPHONEOS_DEPLOYMENT_TARGET = 10.2;
				MTL_ENABLE_DEBUG_INFO = NO;
				SDKROOT = iphoneos;
				SWIFT_OPTIMIZATION_LEVEL = "-Owholemodule";
				VALIDATE_PRODUCT = YES;
			};
			name = Release;
		};
		60F739CE1E13BADC00732B7A /* Debug */ = {
			isa = XCBuildConfiguration;
			buildSettings = {
				ASSETCATALOG_COMPILER_APPICON_NAME = AppIcon;
				INFOPLIST_FILE = SoundEffect/Info.plist;
				LD_RUNPATH_SEARCH_PATHS = "$(inherited) @executable_path/Frameworks";
				PRODUCT_BUNDLE_IDENTIFIER = be.belinprotech.SoundEffect;
				PRODUCT_NAME = "$(TARGET_NAME)";
				SWIFT_VERSION = 3.0;
			};
			name = Debug;
		};
		60F739CF1E13BADC00732B7A /* Release */ = {
			isa = XCBuildConfiguration;
			buildSettings = {
				ASSETCATALOG_COMPILER_APPICON_NAME = AppIcon;
				INFOPLIST_FILE = SoundEffect/Info.plist;
				LD_RUNPATH_SEARCH_PATHS = "$(inherited) @executable_path/Frameworks";
				PRODUCT_BUNDLE_IDENTIFIER = be.belinprotech.SoundEffect;
				PRODUCT_NAME = "$(TARGET_NAME)";
				SWIFT_VERSION = 3.0;
			};
			name = Release;
		};
/* End XCBuildConfiguration section */

/* Begin XCConfigurationList section */
		60F739B61E13BADC00732B7A /* Build configuration list for PBXProject "SoundEffect" */ = {
			isa = XCConfigurationList;
			buildConfigurations = (
				60F739CB1E13BADC00732B7A /* Debug */,
				60F739CC1E13BADC00732B7A /* Release */,
			);
			defaultConfigurationIsVisible = 0;
			defaultConfigurationName = Release;
		};
		60F739CD1E13BADC00732B7A /* Build configuration list for PBXNativeTarget "SoundEffect" */ = {
			isa = XCConfigurationList;
			buildConfigurations = (
				60F739CE1E13BADC00732B7A /* Debug */,
				60F739CF1E13BADC00732B7A /* Release */,
			);
			defaultConfigurationIsVisible = 0;
		};
/* End XCConfigurationList section */
	};
	rootObject = 60F739B31E13BADC00732B7A /* Project object */;
}
